
Microsoft Visual Studio Solution File, Format Version 12.00
# Visual Studio Version 17
VisualStudioVersion = 17.1.32210.238
MinimumVisualStudioVersion = 10.0.40219.1
Project("{FAE04EC0-301F-11D3-BF4B-00C04F79EFBC}") = "DnDWebAPI", "DndWebAPI\DnDWebAPI.csproj", "{80C58C7C-7CA1-49A8-8139-4DCF075CDDEC}"
EndProject
Global
	GlobalSection(SolutionConfigurationPlatforms) = preSolution
		Debug|Any CPU = Debug|Any CPU
		Release|Any CPU = Release|Any CPU
	EndGlobalSection
	GlobalSection(ProjectConfigurationPlatforms) = postSolution
		{80C58C7C-7CA1-49A8-8139-4DCF075CDDEC}.Debug|Any CPU.ActiveCfg = Debug|Any CPU
		{80C58C7C-7CA1-49A8-8139-4DCF075CDDEC}.Debug|Any CPU.Build.0 = Debug|Any CPU
		{80C58C7C-7CA1-49A8-8139-4DCF075CDDEC}.Release|Any CPU.ActiveCfg = Release|Any CPU
		{80C58C7C-7CA1-49A8-8139-4DCF075CDDEC}.Release|Any CPU.Build.0 = Release|Any CPU
	EndGlobalSection
	GlobalSection(SolutionProperties) = preSolution
		HideSolutionNode = FALSE
	EndGlobalSection
	GlobalSection(ExtensibilityGlobals) = postSolution
		SolutionGuid = {DBBF2464-27A7-4AD2-AF5E-2B67640F1AE4}
	EndGlobalSection
EndGlobal
